
Microsoft Visual Studio Solution File, Format Version 12.00
# Visual Studio 14
VisualStudioVersion = 14.0.25123.0
MinimumVisualStudioVersion = 10.0.40219.1
Project("{F184B08F-C81C-45F6-A57F-5ABD9991F28F}") = "WS_Tienda", "WS_Tienda\WS_Tienda.vbproj", "{141981EB-B475-41B7-A391-93298777CC0A}"
EndProject
Project("{F184B08F-C81C-45F6-A57F-5ABD9991F28F}") = "BusinessTienda", "BusinessTienda\BusinessTienda.vbproj", "{30B373EB-1CA9-4E34-8C43-4FF5B85CF319}"
EndProject
Project("{F184B08F-C81C-45F6-A57F-5ABD9991F28F}") = "DataAccess", "DataAccess\DataAccess.vbproj", "{10341A18-A93E-40D2-B915-CFFE1DB7A8FC}"
EndProject
Global
	GlobalSection(SolutionConfigurationPlatforms) = preSolution
		Debug|Any CPU = Debug|Any CPU
		Release|Any CPU = Release|Any CPU
	EndGlobalSection
	GlobalSection(ProjectConfigurationPlatforms) = postSolution
		{141981EB-B475-41B7-A391-93298777CC0A}.Debug|Any CPU.ActiveCfg = Debug|Any CPU
		{141981EB-B475-41B7-A391-93298777CC0A}.Debug|Any CPU.Build.0 = Debug|Any CPU
		{141981EB-B475-41B7-A391-93298777CC0A}.Release|Any CPU.ActiveCfg = Release|Any CPU
		{141981EB-B475-41B7-A391-93298777CC0A}.Release|Any CPU.Build.0 = Release|Any CPU
		{30B373EB-1CA9-4E34-8C43-4FF5B85CF319}.Debug|Any CPU.ActiveCfg = Debug|Any CPU
		{30B373EB-1CA9-4E34-8C43-4FF5B85CF319}.Debug|Any CPU.Build.0 = Debug|Any CPU
		{30B373EB-1CA9-4E34-8C43-4FF5B85CF319}.Release|Any CPU.ActiveCfg = Release|Any CPU
		{30B373EB-1CA9-4E34-8C43-4FF5B85CF319}.Release|Any CPU.Build.0 = Release|Any CPU
		{10341A18-A93E-40D2-B915-CFFE1DB7A8FC}.Debug|Any CPU.ActiveCfg = Debug|Any CPU
		{10341A18-A93E-40D2-B915-CFFE1DB7A8FC}.Debug|Any CPU.Build.0 = Debug|Any CPU
		{10341A18-A93E-40D2-B915-CFFE1DB7A8FC}.Release|Any CPU.ActiveCfg = Release|Any CPU
		{10341A18-A93E-40D2-B915-CFFE1DB7A8FC}.Release|Any CPU.Build.0 = Release|Any CPU
	EndGlobalSection
	GlobalSection(SolutionProperties) = preSolution
		HideSolutionNode = FALSE
	EndGlobalSection
EndGlobal
